
Microsoft Visual Studio Solution File, Format Version 12.00
# Visual Studio Version 17
VisualStudioVersion = 17.12.35527.113 d17.12
MinimumVisualStudioVersion = 10.0.40219.1
Project("{FAE04EC0-301F-11D3-BF4B-00C04F79EFBC}") = "ProductService.Api", "ProductService.Api\ProductService.Api.csproj", "{BFAA9924-9675-47BF-BED4-C3C2A1B3156A}"
EndProject
Project("{FAE04EC0-301F-11D3-BF4B-00C04F79EFBC}") = "eCommerce.Prod.Core", "eCommerce.Prod.Core\eCommerce.Prod.Core.csproj", "{94951C34-1937-4691-8B6C-E0CAFF7EFDD5}"
EndProject
Project("{FAE04EC0-301F-11D3-BF4B-00C04F79EFBC}") = "eCommerce.Prod.Service", "eCommerce.Prod.Service\eCommerce.Prod.Service.csproj", "{5CDD08AB-914D-4446-868C-B9DD9268F336}"
EndProject
Global
	GlobalSection(SolutionConfigurationPlatforms) = preSolution
		Debug|Any CPU = Debug|Any CPU
		Release|Any CPU = Release|Any CPU
	EndGlobalSection
	GlobalSection(ProjectConfigurationPlatforms) = postSolution
		{BFAA9924-9675-47BF-BED4-C3C2A1B3156A}.Debug|Any CPU.ActiveCfg = Debug|Any CPU
		{BFAA9924-9675-47BF-BED4-C3C2A1B3156A}.Debug|Any CPU.Build.0 = Debug|Any CPU
		{BFAA9924-9675-47BF-BED4-C3C2A1B3156A}.Release|Any CPU.ActiveCfg = Release|Any CPU
		{BFAA9924-9675-47BF-BED4-C3C2A1B3156A}.Release|Any CPU.Build.0 = Release|Any CPU
		{94951C34-1937-4691-8B6C-E0CAFF7EFDD5}.Debug|Any CPU.ActiveCfg = Debug|Any CPU
		{94951C34-1937-4691-8B6C-E0CAFF7EFDD5}.Debug|Any CPU.Build.0 = Debug|Any CPU
		{94951C34-1937-4691-8B6C-E0CAFF7EFDD5}.Release|Any CPU.ActiveCfg = Release|Any CPU
		{94951C34-1937-4691-8B6C-E0CAFF7EFDD5}.Release|Any CPU.Build.0 = Release|Any CPU
		{5CDD08AB-914D-4446-868C-B9DD9268F336}.Debug|Any CPU.ActiveCfg = Debug|Any CPU
		{5CDD08AB-914D-4446-868C-B9DD9268F336}.Debug|Any CPU.Build.0 = Debug|Any CPU
		{5CDD08AB-914D-4446-868C-B9DD9268F336}.Release|Any CPU.ActiveCfg = Release|Any CPU
		{5CDD08AB-914D-4446-868C-B9DD9268F336}.Release|Any CPU.Build.0 = Release|Any CPU
	EndGlobalSection
	GlobalSection(SolutionProperties) = preSolution
		HideSolutionNode = FALSE
	EndGlobalSection
EndGlobal
